dependencies:
  espressif/esp-dsp:
    component_hash: fa7fe74305df6da25867437ebcd4213e047cbfc0556cf92067ab657fce537c6e
    dependencies:
    - name: idf
      require: private
      version: '>=4.2'
    source:
      registry_url: https://components.espressif.com/
      type: service
    version: 1.5.2
  idf:
    source:
      type: idf
    version: 5.4.1
direct_dependencies:
- espressif/esp-dsp
- idf
manifest_hash: daba45b95e952fa50daa78ed7233110551ffc08d1d0f0b4dfd7dda56927b553f
target: esp32s3
version: 2.0.0
